// !$*UTF8*$!
{
	archiveVersion = 1;
	classes = {
	};
	objectVersion = 56;
	objects = {

/* Begin PBXBuildFile section */
		D32C085E2B56BE4800656B87 /* CVTemplateApp.swift in Sources */ = {isa = PBXBuildFile; fileRef = D32C085D2B56BE4800656B87 /* CVTemplateApp.swift */; };
		D32C08622B56BE4900656B87 /* Assets.xcassets in Resources */ = {isa = PBXBuildFile; fileRef = D32C08612B56BE4900656B87 /* Assets.xcassets */; };
		D32C08652B56BE4900656B87 /* Preview Assets.xcassets in Resources */ = {isa = PBXBuildFile; fileRef = D32C08642B56BE4900656B87 /* Preview Assets.xcassets */; };
		D32C086C2B56BE5800656B87 /* CVParentView.swift in Sources */ = {isa = PBXBuildFile; fileRef = D32C086B2B56BE5800656B87 /* CVParentView.swift */; };
		D32C086E2B56C1F500656B87 /* CVData.swift in Sources */ = {isa = PBXBuildFile; fileRef = D32C086D2B56C1F500656B87 /* CVData.swift */; };
		D32C08752B56D87700656B87 /* PersonalStatementView.swift in Sources */ = {isa = PBXBuildFile; fileRef = D32C08742B56D87700656B87 /* PersonalStatementView.swift */; };
		D32C08772B56D88600656B87 /* HeadingView.swift in Sources */ = {isa = PBXBuildFile; fileRef = D32C08762B56D88600656B87 /* HeadingView.swift */; };
		D32C08792B56D8AE00656B87 /* A4ViewModifiers.swift in Sources */ = {isa = PBXBuildFile; fileRef = D32C08782B56D8AE00656B87 /* A4ViewModifiers.swift */; };
		D32C087B2B56DB2800656B87 /* TechnicalSkillsView.swift in Sources */ = {isa = PBXBuildFile; fileRef = D32C087A2B56DB2800656B87 /* TechnicalSkillsView.swift */; };
		D32C087D2B56DB5800656B87 /* ReferencesView.swift in Sources */ = {isa = PBXBuildFile; fileRef = D32C087C2B56DB5800656B87 /* ReferencesView.swift */; };
		D32C087F2B56DB9800656B87 /* CVFormattingManager.swift in Sources */ = {isa = PBXBuildFile; fileRef = D32C087E2B56DB9800656B87 /* CVFormattingManager.swift */; };
		D32C08812B56DC1000656B87 /* EducationView.swift in Sources */ = {isa = PBXBuildFile; fileRef = D32C08802B56DC1000656B87 /* EducationView.swift */; };
		D32C08832B56DCAF00656B87 /* WorkExperienceView.swift in Sources */ = {isa = PBXBuildFile; fileRef = D32C08822B56DCAF00656B87 /* WorkExperienceView.swift */; };
		D32C08852B56DE5800656B87 /* WorkExperienceComponentView.swift in Sources */ = {isa = PBXBuildFile; fileRef = D32C08842B56DE5800656B87 /* WorkExperienceComponentView.swift */; };
		D32C08872B56E0DE00656B87 /* SectionHeading.swift in Sources */ = {isa = PBXBuildFile; fileRef = D32C08862B56E0DE00656B87 /* SectionHeading.swift */; };
		D32C088A2B56E12A00656B87 /* HeadingModifiers.swift in Sources */ = {isa = PBXBuildFile; fileRef = D32C08892B56E12A00656B87 /* HeadingModifiers.swift */; };
		D32C088C2B57E8CB00656B87 /* BulletPointText.swift in Sources */ = {isa = PBXBuildFile; fileRef = D32C088B2B57E8CB00656B87 /* BulletPointText.swift */; };
		D32C08932B582DEE00656B87 /* LineBar.swift in Sources */ = {isa = PBXBuildFile; fileRef = D32C08922B582DEE00656B87 /* LineBar.swift */; };
		D32C08952B584DCC00656B87 /* TextAndImage.swift in Sources */ = {isa = PBXBuildFile; fileRef = D32C08942B584DCC00656B87 /* TextAndImage.swift */; };
		D39375392B5FE6BE003C3327 /* PersonalDetails.swift in Sources */ = {isa = PBXBuildFile; fileRef = D39375382B5FE6BE003C3327 /* PersonalDetails.swift */; };
		D393753B2B5FE6D4003C3327 /* PersonalStatement.swift in Sources */ = {isa = PBXBuildFile; fileRef = D393753A2B5FE6D4003C3327 /* PersonalStatement.swift */; };
		D393753D2B5FE6E9003C3327 /* WorkExperience.swift in Sources */ = {isa = PBXBuildFile; fileRef = D393753C2B5FE6E9003C3327 /* WorkExperience.swift */; };
		D393753F2B5FE6FD003C3327 /* Education.swift in Sources */ = {isa = PBXBuildFile; fileRef = D393753E2B5FE6FD003C3327 /* Education.swift */; };
		D39375412B5FE70D003C3327 /* CourseDetails.swift in Sources */ = {isa = PBXBuildFile; fileRef = D39375402B5FE70D003C3327 /* CourseDetails.swift */; };
		D39375432B5FE729003C3327 /* TechnicalSkills.swift in Sources */ = {isa = PBXBuildFile; fileRef = D39375422B5FE729003C3327 /* TechnicalSkills.swift */; };
		D3A7DDBB2B5C798300F0368D /* LineBarWithItems.swift in Sources */ = {isa = PBXBuildFile; fileRef = D3A7DDBA2B5C798300F0368D /* LineBarWithItems.swift */; };
		D3D485DC2B62B43300384CD6 /* FormattingModifiers.swift in Sources */ = {isa = PBXBuildFile; fileRef = D3D485DB2B62B43300384CD6 /* FormattingModifiers.swift */; };
/* End PBXBuildFile section */

/* Begin PBXFileReference section */
		D32C085A2B56BE4800656B87 /* CVTemplate.app */ = {isa = PBXFileReference; explicitFileType = wrapper.application; includeInIndex = 0; path = CVTemplate.app; sourceTree = BUILT_PRODUCTS_DIR; };
		D32C085D2B56BE4800656B87 /* CVTemplateApp.swift */ = {isa = PBXFileReference; lastKnownFileType = sourcecode.swift; path = CVTemplateApp.swift; sourceTree = "<group>"; };
		D32C08612B56BE4900656B87 /* Assets.xcassets */ = {isa = PBXFileReference; lastKnownFileType = folder.assetcatalog; path = Assets.xcassets; sourceTree = "<group>"; };
		D32C08642B56BE4900656B87 /* Preview Assets.xcassets */ = {isa = PBXFileReference; lastKnownFileType = folder.assetcatalog; path = "Preview Assets.xcassets"; sourceTree = "<group>"; };
		D32C086B2B56BE5800656B87 /* CVParentView.swift */ = {isa = PBXFileReference; lastKnownFileType = sourcecode.swift; path = CVParentView.swift; sourceTree = "<group>"; };
		D32C086D2B56C1F500656B87 /* CVData.swift */ = {isa = PBXFileReference; lastKnownFileType = sourcecode.swift; path = CVData.swift; sourceTree = "<group>"; };
		D32C08742B56D87700656B87 /* PersonalStatementView.swift */ = {isa = PBXFileReference; lastKnownFileType = sourcecode.swift; path = PersonalStatementView.swift; sourceTree = "<group>"; };
		D32C08762B56D88600656B87 /* HeadingView.swift */ = {isa = PBXFileReference; lastKnownFileType = sourcecode.swift; path = HeadingView.swift; sourceTree = "<group>"; };
		D32C08782B56D8AE00656B87 /* A4ViewModifiers.swift */ = {isa = PBXFileReference; lastKnownFileType = sourcecode.swift; path = A4ViewModifiers.swift; sourceTree = "<group>"; };
		D32C087A2B56DB2800656B87 /* TechnicalSkillsView.swift */ = {isa = PBXFileReference; lastKnownFileType = sourcecode.swift; path = TechnicalSkillsView.swift; sourceTree = "<group>"; };
		D32C087C2B56DB5800656B87 /* ReferencesView.swift */ = {isa = PBXFileReference; lastKnownFileType = sourcecode.swift; path = ReferencesView.swift; sourceTree = "<group>"; };
		D32C087E2B56DB9800656B87 /* CVFormattingManager.swift */ = {isa = PBXFileReference; lastKnownFileType = sourcecode.swift; path = CVFormattingManager.swift; sourceTree = "<group>"; };
		D32C08802B56DC1000656B87 /* EducationView.swift */ = {isa = PBXFileReference; lastKnownFileType = sourcecode.swift; path = EducationView.swift; sourceTree = "<group>"; };
		D32C08822B56DCAF00656B87 /* WorkExperienceView.swift */ = {isa = PBXFileReference; lastKnownFileType = sourcecode.swift; path = WorkExperienceView.swift; sourceTree = "<group>"; };
		D32C08842B56DE5800656B87 /* WorkExperienceComponentView.swift */ = {isa = PBXFileReference; lastKnownFileType = sourcecode.swift; path = WorkExperienceComponentView.swift; sourceTree = "<group>"; };
		D32C08862B56E0DE00656B87 /* SectionHeading.swift */ = {isa = PBXFileReference; lastKnownFileType = sourcecode.swift; path = SectionHeading.swift; sourceTree = "<group>"; };
		D32C08892B56E12A00656B87 /* HeadingModifiers.swift */ = {isa = PBXFileReference; lastKnownFileType = sourcecode.swift; path = HeadingModifiers.swift; sourceTree = "<group>"; };
		D32C088B2B57E8CB00656B87 /* BulletPointText.swift */ = {isa = PBXFileReference; lastKnownFileType = sourcecode.swift; path = BulletPointText.swift; sourceTree = "<group>"; };
		D32C08922B582DEE00656B87 /* LineBar.swift */ = {isa = PBXFileReference; lastKnownFileType = sourcecode.swift; path = LineBar.swift; sourceTree = "<group>"; };
		D32C08942B584DCC00656B87 /* TextAndImage.swift */ = {isa = PBXFileReference; lastKnownFileType = sourcecode.swift; path = TextAndImage.swift; sourceTree = "<group>"; };
		D39375382B5FE6BE003C3327 /* PersonalDetails.swift */ = {isa = PBXFileReference; lastKnownFileType = sourcecode.swift; path = PersonalDetails.swift; sourceTree = "<group>"; };
		D393753A2B5FE6D4003C3327 /* PersonalStatement.swift */ = {isa = PBXFileReference; lastKnownFileType = sourcecode.swift; path = PersonalStatement.swift; sourceTree = "<group>"; };
		D393753C2B5FE6E9003C3327 /* WorkExperience.swift */ = {isa = PBXFileReference; lastKnownFileType = sourcecode.swift; path = WorkExperience.swift; sourceTree = "<group>"; };
		D393753E2B5FE6FD003C3327 /* Education.swift */ = {isa = PBXFileReference; lastKnownFileType = sourcecode.swift; path = Education.swift; sourceTree = "<group>"; };
		D39375402B5FE70D003C3327 /* CourseDetails.swift */ = {isa = PBXFileReference; lastKnownFileType = sourcecode.swift; path = CourseDetails.swift; sourceTree = "<group>"; };
		D39375422B5FE729003C3327 /* TechnicalSkills.swift */ = {isa = PBXFileReference; lastKnownFileType = sourcecode.swift; path = TechnicalSkills.swift; sourceTree = "<group>"; };
		D3A7DDBA2B5C798300F0368D /* LineBarWithItems.swift */ = {isa = PBXFileReference; lastKnownFileType = sourcecode.swift; path = LineBarWithItems.swift; sourceTree = "<group>"; };
		D3D485DB2B62B43300384CD6 /* FormattingModifiers.swift */ = {isa = PBXFileReference; lastKnownFileType = sourcecode.swift; path = FormattingModifiers.swift; sourceTree = "<group>"; };
/* End PBXFileReference section */

/* Begin PBXFrameworksBuildPhase section */
		D32C08572B56BE4800656B87 /* Frameworks */ = {
			isa = PBXFrameworksBuildPhase;
			buildActionMask = 2147483647;
			files = (
			);
			runOnlyForDeploymentPostprocessing = 0;
		};
/* End PBXFrameworksBuildPhase section */

/* Begin PBXGroup section */
		D32C08512B56BE4800656B87 = {
			isa = PBXGroup;
			children = (
				D32C085C2B56BE4800656B87 /* CVTemplate */,
				D32C085B2B56BE4800656B87 /* Products */,
			);
			sourceTree = "<group>";
		};
		D32C085B2B56BE4800656B87 /* Products */ = {
			isa = PBXGroup;
			children = (
				D32C085A2B56BE4800656B87 /* CVTemplate.app */,
			);
			name = Products;
			sourceTree = "<group>";
		};
		D32C085C2B56BE4800656B87 /* CVTemplate */ = {
			isa = PBXGroup;
			children = (
				D32C085D2B56BE4800656B87 /* CVTemplateApp.swift */,
				D32C08882B56E10D00656B87 /* ViewModifiers */,
				D32C08702B56D84E00656B87 /* Views */,
				D32C086F2B56D84700656B87 /* CVData */,
				D32C08612B56BE4900656B87 /* Assets.xcassets */,
				D32C08632B56BE4900656B87 /* Preview Content */,
				D3D485DA2B62B15A00384CD6 /* ExampleScreenshots */,
			);
			path = CVTemplate;
			sourceTree = "<group>";
		};
		D32C08632B56BE4900656B87 /* Preview Content */ = {
			isa = PBXGroup;
			children = (
				D32C08642B56BE4900656B87 /* Preview Assets.xcassets */,
			);
			path = "Preview Content";
			sourceTree = "<group>";
		};
		D32C086F2B56D84700656B87 /* CVData */ = {
			isa = PBXGroup;
			children = (
				D32C086D2B56C1F500656B87 /* CVData.swift */,
				D39375382B5FE6BE003C3327 /* PersonalDetails.swift */,
				D393753A2B5FE6D4003C3327 /* PersonalStatement.swift */,
				D393753C2B5FE6E9003C3327 /* WorkExperience.swift */,
				D393753E2B5FE6FD003C3327 /* Education.swift */,
				D39375402B5FE70D003C3327 /* CourseDetails.swift */,
				D39375422B5FE729003C3327 /* TechnicalSkills.swift */,
			);
			path = CVData;
			sourceTree = "<group>";
		};
		D32C08702B56D84E00656B87 /* Views */ = {
			isa = PBXGroup;
			children = (
				D32C086B2B56BE5800656B87 /* CVParentView.swift */,
				D32C08762B56D88600656B87 /* HeadingView.swift */,
				D32C08742B56D87700656B87 /* PersonalStatementView.swift */,
				D32C08822B56DCAF00656B87 /* WorkExperienceView.swift */,
				D32C08842B56DE5800656B87 /* WorkExperienceComponentView.swift */,
				D32C08802B56DC1000656B87 /* EducationView.swift */,
				D32C087A2B56DB2800656B87 /* TechnicalSkillsView.swift */,
				D32C087C2B56DB5800656B87 /* ReferencesView.swift */,
				D32C08912B582DD500656B87 /* Components */,
			);
			path = Views;
			sourceTree = "<group>";
		};
		D32C08882B56E10D00656B87 /* ViewModifiers */ = {
			isa = PBXGroup;
			children = (
				D32C08782B56D8AE00656B87 /* A4ViewModifiers.swift */,
				D32C08892B56E12A00656B87 /* HeadingModifiers.swift */,
				D32C087E2B56DB9800656B87 /* CVFormattingManager.swift */,
				D3D485DB2B62B43300384CD6 /* FormattingModifiers.swift */,
			);
			path = ViewModifiers;
			sourceTree = "<group>";
		};
		D32C08912B582DD500656B87 /* Components */ = {
			isa = PBXGroup;
			children = (
				D32C08862B56E0DE00656B87 /* SectionHeading.swift */,
				D32C088B2B57E8CB00656B87 /* BulletPointText.swift */,
				D32C08922B582DEE00656B87 /* LineBar.swift */,
				D3A7DDBA2B5C798300F0368D /* LineBarWithItems.swift */,
				D32C08942B584DCC00656B87 /* TextAndImage.swift */,
			);
			path = Components;
			sourceTree = "<group>";
		};
		D3D485DA2B62B15A00384CD6 /* ExampleScreenshots */ = {
			isa = PBXGroup;
			children = (
			);
			path = ExampleScreenshots;
			sourceTree = "<group>";
		};
/* End PBXGroup section */

/* Begin PBXNativeTarget section */
		D32C08592B56BE4800656B87 /* CVTemplate */ = {
			isa = PBXNativeTarget;
			buildConfigurationList = D32C08682B56BE4900656B87 /* Build configuration list for PBXNativeTarget "CVTemplate" */;
			buildPhases = (
				D32C08562B56BE4800656B87 /* Sources */,
				D32C08572B56BE4800656B87 /* Frameworks */,
				D32C08582B56BE4800656B87 /* Resources */,
			);
			buildRules = (
			);
			dependencies = (
			);
			name = CVTemplate;
			productName = CVTemplate;
			productReference = D32C085A2B56BE4800656B87 /* CVTemplate.app */;
			productType = "com.apple.product-type.application";
		};
/* End PBXNativeTarget section */

/* Begin PBXProject section */
		D32C08522B56BE4800656B87 /* Project object */ = {
			isa = PBXProject;
			attributes = {
				BuildIndependentTargetsInParallel = 1;
				LastSwiftUpdateCheck = 1500;
				LastUpgradeCheck = 1500;
				TargetAttributes = {
					D32C08592B56BE4800656B87 = {
						CreatedOnToolsVersion = 15.0.1;
					};
				};
			};
			buildConfigurationList = D32C08552B56BE4800656B87 /* Build configuration list for PBXProject "CVTemplate" */;
			compatibilityVersion = "Xcode 14.0";
			developmentRegion = en;
			hasScannedForEncodings = 0;
			knownRegions = (
				en,
				Base,
			);
			mainGroup = D32C08512B56BE4800656B87;
			productRefGroup = D32C085B2B56BE4800656B87 /* Products */;
			projectDirPath = "";
			projectRoot = "";
			targets = (
				D32C08592B56BE4800656B87 /* CVTemplate */,
			);
		};
/* End PBXProject section */

/* Begin PBXResourcesBuildPhase section */
		D32C08582B56BE4800656B87 /* Resources */ = {
			isa = PBXResourcesBuildPhase;
			buildActionMask = 2147483647;
			files = (
				D32C08652B56BE4900656B87 /* Preview Assets.xcassets in Resources */,
				D32C08622B56BE4900656B87 /* Assets.xcassets in Resources */,
			);
			runOnlyForDeploymentPostprocessing = 0;
		};
/* End PBXResourcesBuildPhase section */

/* Begin PBXSourcesBuildPhase section */
		D32C08562B56BE4800656B87 /* Sources */ = {
			isa = PBXSourcesBuildPhase;
			buildActionMask = 2147483647;
			files = (
				D32C086C2B56BE5800656B87 /* CVParentView.swift in Sources */,
				D32C08932B582DEE00656B87 /* LineBar.swift in Sources */,
				D32C08952B584DCC00656B87 /* TextAndImage.swift in Sources */,
				D32C08852B56DE5800656B87 /* WorkExperienceComponentView.swift in Sources */,
				D32C08792B56D8AE00656B87 /* A4ViewModifiers.swift in Sources */,
				D39375432B5FE729003C3327 /* TechnicalSkills.swift in Sources */,
				D32C086E2B56C1F500656B87 /* CVData.swift in Sources */,
				D32C088C2B57E8CB00656B87 /* BulletPointText.swift in Sources */,
				D3D485DC2B62B43300384CD6 /* FormattingModifiers.swift in Sources */,
				D32C08812B56DC1000656B87 /* EducationView.swift in Sources */,
				D393753D2B5FE6E9003C3327 /* WorkExperience.swift in Sources */,
				D39375412B5FE70D003C3327 /* CourseDetails.swift in Sources */,
				D32C088A2B56E12A00656B87 /* HeadingModifiers.swift in Sources */,
				D32C087B2B56DB2800656B87 /* TechnicalSkillsView.swift in Sources */,
				D32C08752B56D87700656B87 /* PersonalStatementView.swift in Sources */,
				D39375392B5FE6BE003C3327 /* PersonalDetails.swift in Sources */,
				D32C08872B56E0DE00656B87 /* SectionHeading.swift in Sources */,
				D32C08772B56D88600656B87 /* HeadingView.swift in Sources */,
				D32C085E2B56BE4800656B87 /* CVTemplateApp.swift in Sources */,
				D393753B2B5FE6D4003C3327 /* PersonalStatement.swift in Sources */,
				D32C08832B56DCAF00656B87 /* WorkExperienceView.swift in Sources */,
				D32C087D2B56DB5800656B87 /* ReferencesView.swift in Sources */,
				D393753F2B5FE6FD003C3327 /* Education.swift in Sources */,
				D32C087F2B56DB9800656B87 /* CVFormattingManager.swift in Sources */,
				D3A7DDBB2B5C798300F0368D /* LineBarWithItems.swift in Sources */,
			);
			runOnlyForDeploymentPostprocessing = 0;
		};
/* End PBXSourcesBuildPhase section */

/* Begin XCBuildConfiguration section */
		D32C08662B56BE4900656B87 /* Debug */ = {
			isa = XCBuildConfiguration;
			buildSettings = {
				ALWAYS_SEARCH_USER_PATHS = NO;
				ASSETCATALOG_COMPILER_GENERATE_SWIFT_ASSET_SYMBOL_EXTENSIONS = YES;
				CLANG_ANALYZER_NONNULL = YES;
				CLANG_ANALYZER_NUMBER_OBJECT_CONVERSION = YES_AGGRESSIVE;
				CLANG_CXX_LANGUAGE_STANDARD = "gnu++20";
				CLANG_ENABLE_MODULES = YES;
				CLANG_ENABLE_OBJC_ARC = YES;
				CLANG_ENABLE_OBJC_WEAK = YES;
				CLANG_WARN_BLOCK_CAPTURE_AUTORELEASING = YES;
				CLANG_WARN_BOOL_CONVERSION = YES;
				CLANG_WARN_COMMA = YES;
				CLANG_WARN_CONSTANT_CONVERSION = YES;
				CLANG_WARN_DEPRECATED_OBJC_IMPLEMENTATIONS = YES;
				CLANG_WARN_DIRECT_OBJC_ISA_USAGE = YES_ERROR;
				CLANG_WARN_DOCUMENTATION_COMMENTS = YES;
				CLANG_WARN_EMPTY_BODY = YES;
				CLANG_WARN_ENUM_CONVERSION = YES;
				CLANG_WARN_INFINITE_RECURSION = YES;
				CLANG_WARN_INT_CONVERSION = YES;
				CLANG_WARN_NON_LITERAL_NULL_CONVERSION = YES;
				CLANG_WARN_OBJC_IMPLICIT_RETAIN_SELF = YES;
				CLANG_WARN_OBJC_LITERAL_CONVERSION = YES;
				CLANG_WARN_OBJC_ROOT_CLASS = YES_ERROR;
				CLANG_WARN_QUOTED_INCLUDE_IN_FRAMEWORK_HEADER = YES;
				CLANG_WARN_RANGE_LOOP_ANALYSIS = YES;
				CLANG_WARN_STRICT_PROTOTYPES = YES;
				CLANG_WARN_SUSPICIOUS_MOVE = YES;
				CLANG_WARN_UNGUARDED_AVAILABILITY = YES_AGGRESSIVE;
				CLANG_WARN_UNREACHABLE_CODE = YES;
				CLANG_WARN__DUPLICATE_METHOD_MATCH = YES;
				COPY_PHASE_STRIP = NO;
				DEBUG_INFORMATION_FORMAT = dwarf;
				ENABLE_STRICT_OBJC_MSGSEND = YES;
				ENABLE_TESTABILITY = YES;
				ENABLE_USER_SCRIPT_SANDBOXING = YES;
				GCC_C_LANGUAGE_STANDARD = gnu17;
				GCC_DYNAMIC_NO_PIC = NO;
				GCC_NO_COMMON_BLOCKS = YES;
				GCC_OPTIMIZATION_LEVEL = 0;
				GCC_PREPROCESSOR_DEFINITIONS = (
					"DEBUG=1",
					"$(inherited)",
				);
				GCC_WARN_64_TO_32_BIT_CONVERSION = YES;
				GCC_WARN_ABOUT_RETURN_TYPE = YES_ERROR;
				GCC_WARN_UNDECLARED_SELECTOR = YES;
				GCC_WARN_UNINITIALIZED_AUTOS = YES_AGGRESSIVE;
				GCC_WARN_UNUSED_FUNCTION = YES;
				GCC_WARN_UNUSED_VARIABLE = YES;
				IPHONEOS_DEPLOYMENT_TARGET = 17.0;
				LOCALIZATION_PREFERS_STRING_CATALOGS = YES;
				MTL_ENABLE_DEBUG_INFO = INCLUDE_SOURCE;
				MTL_FAST_MATH = YES;
				ONLY_ACTIVE_ARCH = YES;
				SDKROOT = iphoneos;
				SWIFT_ACTIVE_COMPILATION_CONDITIONS = "DEBUG $(inherited)";
				SWIFT_OPTIMIZATION_LEVEL = "-Onone";
			};
			name = Debug;
		};
		D32C08672B56BE4900656B87 /* Release */ = {
			isa = XCBuildConfiguration;
			buildSettings = {
				ALWAYS_SEARCH_USER_PATHS = NO;
				ASSETCATALOG_COMPILER_GENERATE_SWIFT_ASSET_SYMBOL_EXTENSIONS = YES;
				CLANG_ANALYZER_NONNULL = YES;
				CLANG_ANALYZER_NUMBER_OBJECT_CONVERSION = YES_AGGRESSIVE;
				CLANG_CXX_LANGUAGE_STANDARD = "gnu++20";
				CLANG_ENABLE_MODULES = YES;
				CLANG_ENABLE_OBJC_ARC = YES;
				CLANG_ENABLE_OBJC_WEAK = YES;
				CLANG_WARN_BLOCK_CAPTURE_AUTORELEASING = YES;
				CLANG_WARN_BOOL_CONVERSION = YES;
				CLANG_WARN_COMMA = YES;
				CLANG_WARN_CONSTANT_CONVERSION = YES;
				CLANG_WARN_DEPRECATED_OBJC_IMPLEMENTATIONS = YES;
				CLANG_WARN_DIRECT_OBJC_ISA_USAGE = YES_ERROR;
				CLANG_WARN_DOCUMENTATION_COMMENTS = YES;
				CLANG_WARN_EMPTY_BODY = YES;
				CLANG_WARN_ENUM_CONVERSION = YES;
				CLANG_WARN_INFINITE_RECURSION = YES;
				CLANG_WARN_INT_CONVERSION = YES;
				CLANG_WARN_NON_LITERAL_NULL_CONVERSION = YES;
				CLANG_WARN_OBJC_IMPLICIT_RETAIN_SELF = YES;
				CLANG_WARN_OBJC_LITERAL_CONVERSION = YES;
				CLANG_WARN_OBJC_ROOT_CLASS = YES_ERROR;
				CLANG_WARN_QUOTED_INCLUDE_IN_FRAMEWORK_HEADER = YES;
				CLANG_WARN_RANGE_LOOP_ANALYSIS = YES;
				CLANG_WARN_STRICT_PROTOTYPES = YES;
				CLANG_WARN_SUSPICIOUS_MOVE = YES;
				CLANG_WARN_UNGUARDED_AVAILABILITY = YES_AGGRESSIVE;
				CLANG_WARN_UNREACHABLE_CODE = YES;
				CLANG_WARN__DUPLICATE_METHOD_MATCH = YES;
				COPY_PHASE_STRIP = NO;
				DEBUG_INFORMATION_FORMAT = "dwarf-with-dsym";
				ENABLE_NS_ASSERTIONS = NO;
				ENABLE_STRICT_OBJC_MSGSEND = YES;
				ENABLE_USER_SCRIPT_SANDBOXING = YES;
				GCC_C_LANGUAGE_STANDARD = gnu17;
				GCC_NO_COMMON_BLOCKS = YES;
				GCC_WARN_64_TO_32_BIT_CONVERSION = YES;
				GCC_WARN_ABOUT_RETURN_TYPE = YES_ERROR;
				GCC_WARN_UNDECLARED_SELECTOR = YES;
				GCC_WARN_UNINITIALIZED_AUTOS = YES_AGGRESSIVE;
				GCC_WARN_UNUSED_FUNCTION = YES;
				GCC_WARN_UNUSED_VARIABLE = YES;
				IPHONEOS_DEPLOYMENT_TARGET = 17.0;
				LOCALIZATION_PREFERS_STRING_CATALOGS = YES;
				MTL_ENABLE_DEBUG_INFO = NO;
				MTL_FAST_MATH = YES;
				SDKROOT = iphoneos;
				SWIFT_COMPILATION_MODE = wholemodule;
				VALIDATE_PRODUCT = YES;
			};
			name = Release;
		};
		D32C08692B56BE4900656B87 /* Debug */ = {
			isa = XCBuildConfiguration;
			buildSettings = {
				ASSETCATALOG_COMPILER_APPICON_NAME = AppIcon;
				ASSETCATALOG_COMPILER_GLOBAL_ACCENT_COLOR_NAME = AccentColor;
				CODE_SIGN_STYLE = Automatic;
				CURRENT_PROJECT_VERSION = 1;
				DEVELOPMENT_ASSET_PATHS = "\"CVTemplate/Preview Content\"";
				DEVELOPMENT_TEAM = Y96XUGCJZ5;
				ENABLE_PREVIEWS = YES;
				GENERATE_INFOPLIST_FILE = YES;
				INFOPLIST_KEY_UIApplicationSceneManifest_Generation = YES;
				INFOPLIST_KEY_UIApplicationSupportsIndirectInputEvents = YES;
				INFOPLIST_KEY_UILaunchScreen_Generation = YES;
				INFOPLIST_KEY_UISupportedInterfaceOrientations_iPad = "UIInterfaceOrientationPortrait UIInterfaceOrientationPortraitUpsideDown UIInterfaceOrientationLandscapeLeft UIInterfaceOrientationLandscapeRight";
				INFOPLIST_KEY_UISupportedInterfaceOrientations_iPhone = "UIInterfaceOrientationPortrait UIInterfaceOrientationLandscapeLeft UIInterfaceOrientationLandscapeRight";
				LD_RUNPATH_SEARCH_PATHS = (
					"$(inherited)",
					"@executable_path/Frameworks",
				);
				MARKETING_VERSION = 1.0;
				PRODUCT_BUNDLE_IDENTIFIER = Hardy.CVTemplate;
				PRODUCT_NAME = "$(TARGET_NAME)";
				SWIFT_EMIT_LOC_STRINGS = YES;
				SWIFT_VERSION = 5.0;
				TARGETED_DEVICE_FAMILY = "1,2";
			};
			name = Debug;
		};
		D32C086A2B56BE4900656B87 /* Release */ = {
			isa = XCBuildConfiguration;
			buildSettings = {
				ASSETCATALOG_COMPILER_APPICON_NAME = AppIcon;
				ASSETCATALOG_COMPILER_GLOBAL_ACCENT_COLOR_NAME = AccentColor;
				CODE_SIGN_STYLE = Automatic;
				CURRENT_PROJECT_VERSION = 1;
				DEVELOPMENT_ASSET_PATHS = "\"CVTemplate/Preview Content\"";
				DEVELOPMENT_TEAM = Y96XUGCJZ5;
				ENABLE_PREVIEWS = YES;
				GENERATE_INFOPLIST_FILE = YES;
				INFOPLIST_KEY_UIApplicationSceneManifest_Generation = YES;
				INFOPLIST_KEY_UIApplicationSupportsIndirectInputEvents = YES;
				INFOPLIST_KEY_UILaunchScreen_Generation = YES;
				INFOPLIST_KEY_UISupportedInterfaceOrientations_iPad = "UIInterfaceOrientationPortrait UIInterfaceOrientationPortraitUpsideDown UIInterfaceOrientationLandscapeLeft UIInterfaceOrientationLandscapeRight";
				INFOPLIST_KEY_UISupportedInterfaceOrientations_iPhone = "UIInterfaceOrientationPortrait UIInterfaceOrientationLandscapeLeft UIInterfaceOrientationLandscapeRight";
				LD_RUNPATH_SEARCH_PATHS = (
					"$(inherited)",
					"@executable_path/Frameworks",
				);
				MARKETING_VERSION = 1.0;
				PRODUCT_BUNDLE_IDENTIFIER = Hardy.CVTemplate;
				PRODUCT_NAME = "$(TARGET_NAME)";
				SWIFT_EMIT_LOC_STRINGS = YES;
				SWIFT_VERSION = 5.0;
				TARGETED_DEVICE_FAMILY = "1,2";
			};
			name = Release;
		};
/* End XCBuildConfiguration section */

/* Begin XCConfigurationList section */
		D32C08552B56BE4800656B87 /* Build configuration list for PBXProject "CVTemplate" */ = {
			isa = XCConfigurationList;
			buildConfigurations = (
				D32C08662B56BE4900656B87 /* Debug */,
				D32C08672B56BE4900656B87 /* Release */,
			);
			defaultConfigurationIsVisible = 0;
			defaultConfigurationName = Release;
		};
		D32C08682B56BE4900656B87 /* Build configuration list for PBXNativeTarget "CVTemplate" */ = {
			isa = XCConfigurationList;
			buildConfigurations = (
				D32C08692B56BE4900656B87 /* Debug */,
				D32C086A2B56BE4900656B87 /* Release */,
			);
			defaultConfigurationIsVisible = 0;
			defaultConfigurationName = Release;
		};
/* End XCConfigurationList section */
	};
	rootObject = D32C08522B56BE4800656B87 /* Project object */;
}
